// !$*UTF8*$!
{
	archiveVersion = 1;
	classes = {
	};
	objectVersion = 46;
	objects = {

/* Begin PBXBuildFile section */
		52967F93190FE74400B64F7C /* Foundation.framework in Frameworks */ = {isa = PBXBuildFile; fileRef = 52967F92190FE74400B64F7C /* Foundation.framework */; };
		52967F95190FE74400B64F7C /* CoreGraphics.framework in Frameworks */ = {isa = PBXBuildFile; fileRef = 52967F94190FE74400B64F7C /* CoreGraphics.framework */; };
		52967F97190FE74400B64F7C /* UIKit.framework in Frameworks */ = {isa = PBXBuildFile; fileRef = 52967F96190FE74400B64F7C /* UIKit.framework */; };
		52967F9D190FE74400B64F7C /* InfoPlist.strings in Resources */ = {isa = PBXBuildFile; fileRef = 52967F9B190FE74400B64F7C /* InfoPlist.strings */; };
		52967F9F190FE74400B64F7C /* main.m in Sources */ = {isa = PBXBuildFile; fileRef = 52967F9E190FE74400B64F7C /* main.m */; };
		52967FA3190FE74400B64F7C /* XYZAppDelegate.m in Sources */ = {isa = PBXBuildFile; fileRef = 52967FA2190FE74400B64F7C /* XYZAppDelegate.m */; };
		52967FA5190FE74400B64F7C /* Images.xcassets in Resources */ = {isa = PBXBuildFile; fileRef = 52967FA4190FE74400B64F7C /* Images.xcassets */; };
		52967FAC190FE74400B64F7C /* XCTest.framework in Frameworks */ = {isa = PBXBuildFile; fileRef = 52967FAB190FE74400B64F7C /* XCTest.framework */; };
		52967FAD190FE74400B64F7C /* Foundation.framework in Frameworks */ = {isa = PBXBuildFile; fileRef = 52967F92190FE74400B64F7C /* Foundation.framework */; };
		52967FAE190FE74400B64F7C /* UIKit.framework in Frameworks */ = {isa = PBXBuildFile; fileRef = 52967F96190FE74400B64F7C /* UIKit.framework */; };
		52967FB6190FE74400B64F7C /* InfoPlist.strings in Resources */ = {isa = PBXBuildFile; fileRef = 52967FB4190FE74400B64F7C /* InfoPlist.strings */; };
		52967FB8190FE74400B64F7C /* ToDoListTests.m in Sources */ = {isa = PBXBuildFile; fileRef = 52967FB7190FE74400B64F7C /* ToDoListTests.m */; };
		52967FC2190FFF9F00B64F7C /* Main.storyboard in Resources */ = {isa = PBXBuildFile; fileRef = 52967FC1190FFF9F00B64F7C /* Main.storyboard */; };
		52967FC51910471E00B64F7C /* XYZAddToDoItemViewController.m in Sources */ = {isa = PBXBuildFile; fileRef = 52967FC41910471E00B64F7C /* XYZAddToDoItemViewController.m */; };
		52967FC81910485F00B64F7C /* XYZToDoListTableViewController.m in Sources */ = {isa = PBXBuildFile; fileRef = 52967FC71910485F00B64F7C /* XYZToDoListTableViewController.m */; };
		52967FCB1914AA2600B64F7C /* XYZToDoItem.m in Sources */ = {isa = PBXBuildFile; fileRef = 52967FCA1914AA2600B64F7C /* XYZToDoItem.m */; };
/* End PBXBuildFile section */

/* Begin PBXContainerItemProxy section */
		52967FAF190FE74400B64F7C /* PBXContainerItemProxy */ = {
			isa = PBXContainerItemProxy;
			containerPortal = 52967F87190FE74300B64F7C /* Project object */;
			proxyType = 1;
			remoteGlobalIDString = 52967F8E190FE74300B64F7C;
			remoteInfo = ToDoList;
		};
/* End PBXContainerItemProxy section */

/* Begin PBXFileReference section */
		52967F8F190FE74400B64F7C /* ToDoList.app */ = {isa = PBXFileReference; explicitFileType = wrapper.application; includeInIndex = 0; path = ToDoList.app; sourceTree = BUILT_PRODUCTS_DIR; };
		52967F92190FE74400B64F7C /* Foundation.framework */ = {isa = PBXFileReference; lastKnownFileType = wrapper.framework; name = Foundation.framework; path = System/Library/Frameworks/Foundation.framework; sourceTree = SDKROOT; };
		52967F94190FE74400B64F7C /* CoreGraphics.framework */ = {isa = PBXFileReference; lastKnownFileType = wrapper.framework; name = CoreGraphics.framework; path = System/Library/Frameworks/CoreGraphics.framework; sourceTree = SDKROOT; };
		52967F96190FE74400B64F7C /* UIKit.framework */ = {isa = PBXFileReference; lastKnownFileType = wrapper.framework; name = UIKit.framework; path = System/Library/Frameworks/UIKit.framework; sourceTree = SDKROOT; };
		52967F9A190FE74400B64F7C /* ToDoList-Info.plist */ = {isa = PBXFileReference; lastKnownFileType = text.plist.xml; path = "ToDoList-Info.plist"; sourceTree = "<group>"; };
		52967F9C190FE74400B64F7C /* en */ = {isa = PBXFileReference; lastKnownFileType = text.plist.strings; name = en; path = en.lproj/InfoPlist.strings; sourceTree = "<group>"; };
		52967F9E190FE74400B64F7C /* main.m */ = {isa = PBXFileReference; lastKnownFileType = sourcecode.c.objc; path = main.m; sourceTree = "<group>"; };
		52967FA0190FE74400B64F7C /* ToDoList-Prefix.pch */ = {isa = PBXFileReference; lastKnownFileType = sourcecode.c.h; path = "ToDoList-Prefix.pch"; sourceTree = "<group>"; };
		52967FA1190FE74400B64F7C /* XYZAppDelegate.h */ = {isa = PBXFileReference; lastKnownFileType = sourcecode.c.h; path = XYZAppDelegate.h; sourceTree = "<group>"; };
		52967FA2190FE74400B64F7C /* XYZAppDelegate.m */ = {isa = PBXFileReference; lastKnownFileType = sourcecode.c.objc; path = XYZAppDelegate.m; sourceTree = "<group>"; };
		52967FA4190FE74400B64F7C /* Images.xcassets */ = {isa = PBXFileReference; lastKnownFileType = folder.assetcatalog; path = Images.xcassets; sourceTree = "<group>"; };
		52967FAA190FE74400B64F7C /* ToDoListTests.xctest */ = {isa = PBXFileReference; explicitFileType = wrapper.cfbundle; includeInIndex = 0; path = ToDoListTests.xctest; sourceTree = BUILT_PRODUCTS_DIR; };
		52967FAB190FE74400B64F7C /* XCTest.framework */ = {isa = PBXFileReference; lastKnownFileType = wrapper.framework; name = XCTest.framework; path = Library/Frameworks/XCTest.framework; sourceTree = DEVELOPER_DIR; };
		52967FB3190FE74400B64F7C /* ToDoListTests-Info.plist */ = {isa = PBXFileReference; lastKnownFileType = text.plist.xml; path = "ToDoListTests-Info.plist"; sourceTree = "<group>"; };
		52967FB5190FE74400B64F7C /* en */ = {isa = PBXFileReference; lastKnownFileType = text.plist.strings; name = en; path = en.lproj/InfoPlist.strings; sourceTree = "<group>"; };
		52967FB7190FE74400B64F7C /* ToDoListTests.m */ = {isa = PBXFileReference; lastKnownFileType = sourcecode.c.objc; path = ToDoListTests.m; sourceTree = "<group>"; };
		52967FC1190FFF9F00B64F7C /* Main.storyboard */ = {isa = PBXFileReference; fileEncoding = 4; lastKnownFileType = file.storyboard; path = Main.storyboard; sourceTree = "<group>"; };
		52967FC31910471E00B64F7C /* XYZAddToDoItemViewController.h */ = {isa = PBXFileReference; fileEncoding = 4; lastKnownFileType = sourcecode.c.h; path = XYZAddToDoItemViewController.h; sourceTree = "<group>"; };
		52967FC41910471E00B64F7C /* XYZAddToDoItemViewController.m */ = {isa = PBXFileReference; fileEncoding = 4; lastKnownFileType = sourcecode.c.objc; path = XYZAddToDoItemViewController.m; sourceTree = "<group>"; };
		52967FC61910485F00B64F7C /* XYZToDoListTableViewController.h */ = {isa = PBXFileReference; fileEncoding = 4; lastKnownFileType = sourcecode.c.h; path = XYZToDoListTableViewController.h; sourceTree = "<group>"; };
		52967FC71910485F00B64F7C /* XYZToDoListTableViewController.m */ = {isa = PBXFileReference; fileEncoding = 4; lastKnownFileType = sourcecode.c.objc; path = XYZToDoListTableViewController.m; sourceTree = "<group>"; };
		52967FC91914AA2600B64F7C /* XYZToDoItem.h */ = {isa = PBXFileReference; fileEncoding = 4; lastKnownFileType = sourcecode.c.h; path = XYZToDoItem.h; sourceTree = "<group>"; };
		52967FCA1914AA2600B64F7C /* XYZToDoItem.m */ = {isa = PBXFileReference; fileEncoding = 4; lastKnownFileType = sourcecode.c.objc; path = XYZToDoItem.m; sourceTree = "<group>"; };
/* End PBXFileReference section */

/* Begin PBXFrameworksBuildPhase section */
		52967F8C190FE74300B64F7C /* Frameworks */ = {
			isa = PBXFrameworksBuildPhase;
			buildActionMask = 2147483647;
			files = (
				52967F95190FE74400B64F7C /* CoreGraphics.framework in Frameworks */,
				52967F97190FE74400B64F7C /* UIKit.framework in Frameworks */,
				52967F93190FE74400B64F7C /* Foundation.framework in Frameworks */,
			);
			runOnlyForDeploymentPostprocessing = 0;
		};
		52967FA7190FE74400B64F7C /* Frameworks */ = {
			isa = PBXFrameworksBuildPhase;
			buildActionMask = 2147483647;
			files = (
				52967FAC190FE74400B64F7C /* XCTest.framework in Frameworks */,
				52967FAE190FE74400B64F7C /* UIKit.framework in Frameworks */,
				52967FAD190FE74400B64F7C /* Foundation.framework in Frameworks */,
			);
			runOnlyForDeploymentPostprocessing = 0;
		};
/* End PBXFrameworksBuildPhase section */

/* Begin PBXGroup section */
		52967F86190FE74300B64F7C = {
			isa = PBXGroup;
			children = (
				52967F98190FE74400B64F7C /* ToDoList */,
				52967FB1190FE74400B64F7C /* ToDoListTests */,
				52967F91190FE74400B64F7C /* Frameworks */,
				52967F90190FE74400B64F7C /* Products */,
			);
			sourceTree = "<group>";
		};
		52967F90190FE74400B64F7C /* Products */ = {
			isa = PBXGroup;
			children = (
				52967F8F190FE74400B64F7C /* ToDoList.app */,
				52967FAA190FE74400B64F7C /* ToDoListTests.xctest */,
			);
			name = Products;
			sourceTree = "<group>";
		};
		52967F91190FE74400B64F7C /* Frameworks */ = {
			isa = PBXGroup;
			children = (
				52967F92190FE74400B64F7C /* Foundation.framework */,
				52967F94190FE74400B64F7C /* CoreGraphics.framework */,
				52967F96190FE74400B64F7C /* UIKit.framework */,
				52967FAB190FE74400B64F7C /* XCTest.framework */,
			);
			name = Frameworks;
			sourceTree = "<group>";
		};
		52967F98190FE74400B64F7C /* ToDoList */ = {
			isa = PBXGroup;
			children = (
				52967FA1190FE74400B64F7C /* XYZAppDelegate.h */,
				52967FA2190FE74400B64F7C /* XYZAppDelegate.m */,
				52967FC1190FFF9F00B64F7C /* Main.storyboard */,
				52967FC91914AA2600B64F7C /* XYZToDoItem.h */,
				52967FCA1914AA2600B64F7C /* XYZToDoItem.m */,
				52967FC61910485F00B64F7C /* XYZToDoListTableViewController.h */,
				52967FC71910485F00B64F7C /* XYZToDoListTableViewController.m */,
				52967FC31910471E00B64F7C /* XYZAddToDoItemViewController.h */,
				52967FC41910471E00B64F7C /* XYZAddToDoItemViewController.m */,
				52967FA4190FE74400B64F7C /* Images.xcassets */,
				52967F99190FE74400B64F7C /* Supporting Files */,
			);
			path = ToDoList;
			sourceTree = "<group>";
		};
		52967F99190FE74400B64F7C /* Supporting Files */ = {
			isa = PBXGroup;
			children = (
				52967F9A190FE74400B64F7C /* ToDoList-Info.plist */,
				52967F9B190FE74400B64F7C /* InfoPlist.strings */,
				52967F9E190FE74400B64F7C /* main.m */,
				52967FA0190FE74400B64F7C /* ToDoList-Prefix.pch */,
			);
			name = "Supporting Files";
			sourceTree = "<group>";
		};
		52967FB1190FE74400B64F7C /* ToDoListTests */ = {
			isa = PBXGroup;
			children = (
				52967FB7190FE74400B64F7C /* ToDoListTests.m */,
				52967FB2190FE74400B64F7C /* Supporting Files */,
			);
			path = ToDoListTests;
			sourceTree = "<group>";
		};
		52967FB2190FE74400B64F7C /* Supporting Files */ = {
			isa = PBXGroup;
			children = (
				52967FB3190FE74400B64F7C /* ToDoListTests-Info.plist */,
				52967FB4190FE74400B64F7C /* InfoPlist.strings */,
			);
			name = "Supporting Files";
			sourceTree = "<group>";
		};
/* End PBXGroup section */

/* Begin PBXNativeTarget section */
		52967F8E190FE74300B64F7C /* ToDoList */ = {
			isa = PBXNativeTarget;
			buildConfigurationList = 52967FBB190FE74400B64F7C /* Build configuration list for PBXNativeTarget "ToDoList" */;
			buildPhases = (
				52967F8B190FE74300B64F7C /* Sources */,
				52967F8C190FE74300B64F7C /* Frameworks */,
				52967F8D190FE74300B64F7C /* Resources */,
			);
			buildRules = (
			);
			dependencies = (
			);
			name = ToDoList;
			productName = ToDoList;
			productReference = 52967F8F190FE74400B64F7C /* ToDoList.app */;
			productType = "com.apple.product-type.application";
		};
		52967FA9190FE74400B64F7C /* ToDoListTests */ = {
			isa = PBXNativeTarget;
			buildConfigurationList = 52967FBE190FE74400B64F7C /* Build configuration list for PBXNativeTarget "ToDoListTests" */;
			buildPhases = (
				52967FA6190FE74400B64F7C /* Sources */,
				52967FA7190FE74400B64F7C /* Frameworks */,
				52967FA8190FE74400B64F7C /* Resources */,
			);
			buildRules = (
			);
			dependencies = (
				52967FB0190FE74400B64F7C /* PBXTargetDependency */,
			);
			name = ToDoListTests;
			productName = ToDoListTests;
			productReference = 52967FAA190FE74400B64F7C /* ToDoListTests.xctest */;
			productType = "com.apple.product-type.bundle.unit-test";
		};
/* End PBXNativeTarget section */

/* Begin PBXProject section */
		52967F87190FE74300B64F7C /* Project object */ = {
			isa = PBXProject;
			attributes = {
				CLASSPREFIX = XYZ;
				LastUpgradeCheck = 0510;
				TargetAttributes = {
					52967FA9190FE74400B64F7C = {
						TestTargetID = 52967F8E190FE74300B64F7C;
					};
				};
			};
			buildConfigurationList = 52967F8A190FE74300B64F7C /* Build configuration list for PBXProject "ToDoList" */;
			compatibilityVersion = "Xcode 3.2";
			developmentRegion = English;
			hasScannedForEncodings = 0;
			knownRegions = (
				en,
			);
			mainGroup = 52967F86190FE74300B64F7C;
			productRefGroup = 52967F90190FE74400B64F7C /* Products */;
			projectDirPath = "";
			projectRoot = "";
			targets = (
				52967F8E190FE74300B64F7C /* ToDoList */,
				52967FA9190FE74400B64F7C /* ToDoListTests */,
			);
		};
/* End PBXProject section */

/* Begin PBXResourcesBuildPhase section */
		52967F8D190FE74300B64F7C /* Resources */ = {
			isa = PBXResourcesBuildPhase;
			buildActionMask = 2147483647;
			files = (
				52967FC2190FFF9F00B64F7C /* Main.storyboard in Resources */,
				52967F9D190FE74400B64F7C /* InfoPlist.strings in Resources */,
				52967FA5190FE74400B64F7C /* Images.xcassets in Resources */,
			);
			runOnlyForDeploymentPostprocessing = 0;
		};
		52967FA8190FE74400B64F7C /* Resources */ = {
			isa = PBXResourcesBuildPhase;
			buildActionMask = 2147483647;
			files = (
				52967FB6190FE74400B64F7C /* InfoPlist.strings in Resources */,
			);
			runOnlyForDeploymentPostprocessing = 0;
		};
/* End PBXResourcesBuildPhase section */

/* Begin PBXSourcesBuildPhase section */
		52967F8B190FE74300B64F7C /* Sources */ = {
			isa = PBXSourcesBuildPhase;
			buildActionMask = 2147483647;
			files = (
				52967FA3190FE74400B64F7C /* XYZAppDelegate.m in Sources */,
				52967FCB1914AA2600B64F7C /* XYZToDoItem.m in Sources */,
				52967F9F190FE74400B64F7C /* main.m in Sources */,
				52967FC81910485F00B64F7C /* XYZToDoListTableViewController.m in Sources */,
				52967FC51910471E00B64F7C /* XYZAddToDoItemViewController.m in Sources */,
			);
			runOnlyForDeploymentPostprocessing = 0;
		};
		52967FA6190FE74400B64F7C /* Sources */ = {
			isa = PBXSourcesBuildPhase;
			buildActionMask = 2147483647;
			files = (
				52967FB8190FE74400B64F7C /* ToDoListTests.m in Sources */,
			);
			runOnlyForDeploymentPostprocessing = 0;
		};
/* End PBXSourcesBuildPhase section */

/* Begin PBXTargetDependency section */
		52967FB0190FE74400B64F7C /* PBXTargetDependency */ = {
			isa = PBXTargetDependency;
			target = 52967F8E190FE74300B64F7C /* ToDoList */;
			targetProxy = 52967FAF190FE74400B64F7C /* PBXContainerItemProxy */;
		};
/* End PBXTargetDependency section */

/* Begin PBXVariantGroup section */
		52967F9B190FE74400B64F7C /* InfoPlist.strings */ = {
			isa = PBXVariantGroup;
			children = (
				52967F9C190FE74400B64F7C /* en */,
			);
			name = InfoPlist.strings;
			sourceTree = "<group>";
		};
		52967FB4190FE74400B64F7C /* InfoPlist.strings */ = {
			isa = PBXVariantGroup;
			children = (
				52967FB5190FE74400B64F7C /* en */,
			);
			name = InfoPlist.strings;
			sourceTree = "<group>";
		};
/* End PBXVariantGroup section */

/* Begin XCBuildConfiguration section */
		52967FB9190FE74400B64F7C /* Debug */ = {
			isa = XCBuildConfiguration;
			buildSettings = {
				ALWAYS_SEARCH_USER_PATHS = NO;
				CLANG_CXX_LANGUAGE_STANDARD = "gnu++0x";
				CLANG_CXX_LIBRARY = "libc++";
				CLANG_ENABLE_MODULES = YES;
				CLANG_ENABLE_OBJC_ARC = YES;
				CLANG_WARN_BOOL_CONVERSION = YES;
				CLANG_WARN_CONSTANT_CONVERSION = YES;
				CLANG_WARN_DIRECT_OBJC_ISA_USAGE = YES_ERROR;
				CLANG_WARN_EMPTY_BODY = YES;
				CLANG_WARN_ENUM_CONVERSION = YES;
				CLANG_WARN_INT_CONVERSION = YES;
				CLANG_WARN_OBJC_ROOT_CLASS = YES_ERROR;
				CLANG_WARN__DUPLICATE_METHOD_MATCH = YES;
				"CODE_SIGN_IDENTITY[sdk=iphoneos*]" = "iPhone Developer";
				COPY_PHASE_STRIP = NO;
				GCC_C_LANGUAGE_STANDARD = gnu99;
				GCC_DYNAMIC_NO_PIC = NO;
				GCC_OPTIMIZATION_LEVEL = 0;
				GCC_PREPROCESSOR_DEFINITIONS = (
					"DEBUG=1",
					"$(inherited)",
				);
				GCC_SYMBOLS_PRIVATE_EXTERN = NO;
				GCC_WARN_64_TO_32_BIT_CONVERSION = YES;
				GCC_WARN_ABOUT_RETURN_TYPE = YES_ERROR;
				GCC_WARN_UNDECLARED_SELECTOR = YES;
				GCC_WARN_UNINITIALIZED_AUTOS = YES_AGGRESSIVE;
				GCC_WARN_UNUSED_FUNCTION = YES;
				GCC_WARN_UNUSED_VARIABLE = YES;
				IPHONEOS_DEPLOYMENT_TARGET = 7.1;
				ONLY_ACTIVE_ARCH = YES;
				SDKROOT = iphoneos;
			};
			name = Debug;
		};
		52967FBA190FE74400B64F7C /* Release */ = {
			isa = XCBuildConfiguration;
			buildSettings = {
				ALWAYS_SEARCH_USER_PATHS = NO;
				CLANG_CXX_LANGUAGE_STANDARD = "gnu++0x";
				CLANG_CXX_LIBRARY = "libc++";
				CLANG_ENABLE_MODULES = YES;
				CLANG_ENABLE_OBJC_ARC = YES;
				CLANG_WARN_BOOL_CONVERSION = YES;
				CLANG_WARN_CONSTANT_CONVERSION = YES;
				CLANG_WARN_DIRECT_OBJC_ISA_USAGE = YES_ERROR;
				CLANG_WARN_EMPTY_BODY = YES;
				CLANG_WARN_ENUM_CONVERSION = YES;
				CLANG_WARN_INT_CONVERSION = YES;
				CLANG_WARN_OBJC_ROOT_CLASS = YES_ERROR;
				CLANG_WARN__DUPLICATE_METHOD_MATCH = YES;
				"CODE_SIGN_IDENTITY[sdk=iphoneos*]" = "iPhone Developer";
				COPY_PHASE_STRIP = YES;
				ENABLE_NS_ASSERTIONS = NO;
				GCC_C_LANGUAGE_STANDARD = gnu99;
				GCC_WARN_64_TO_32_BIT_CONVERSION = YES;
				GCC_WARN_ABOUT_RETURN_TYPE = YES_ERROR;
				GCC_WARN_UNDECLARED_SELECTOR = YES;
				GCC_WARN_UNINITIALIZED_AUTOS = YES_AGGRESSIVE;
				GCC_WARN_UNUSED_FUNCTION = YES;
				GCC_WARN_UNUSED_VARIABLE = YES;
				IPHONEOS_DEPLOYMENT_TARGET = 7.1;
				SDKROOT = iphoneos;
				VALIDATE_PRODUCT = YES;
			};
			name = Release;
		};
		52967FBC190FE74400B64F7C /* Debug */ = {
			isa = XCBuildConfiguration;
			buildSettings = {
				ASSETCATALOG_COMPILER_APPICON_NAME = AppIcon;
				ASSETCATALOG_COMPILER_LAUNCHIMAGE_NAME = LaunchImage;
				GCC_PRECOMPILE_PREFIX_HEADER = YES;
				GCC_PREFIX_HEADER = "ToDoList/ToDoList-Prefix.pch";
				INFOPLIST_FILE = "ToDoList/ToDoList-Info.plist";
				PRODUCT_NAME = "$(TARGET_NAME)";
				WRAPPER_EXTENSION = app;
			};
			name = Debug;
		};
		52967FBD190FE74400B64F7C /* Release */ = {
			isa = XCBuildConfiguration;
			buildSettings = {
				ASSETCATALOG_COMPILER_APPICON_NAME = AppIcon;
				ASSETCATALOG_COMPILER_LAUNCHIMAGE_NAME = LaunchImage;
				GCC_PRECOMPILE_PREFIX_HEADER = YES;
				GCC_PREFIX_HEADER = "ToDoList/ToDoList-Prefix.pch";
				INFOPLIST_FILE = "ToDoList/ToDoList-Info.plist";
				PRODUCT_NAME = "$(TARGET_NAME)";
				WRAPPER_EXTENSION = app;
			};
			name = Release;
		};
		52967FBF190FE74400B64F7C /* Debug */ = {
			isa = XCBuildConfiguration;
			buildSettings = {
				BUNDLE_LOADER = "$(BUILT_PRODUCTS_DIR)/ToDoList.app/ToDoList";
				FRAMEWORK_SEARCH_PATHS = (
					"$(SDKROOT)/Developer/Library/Frameworks",
					"$(inherited)",
					"$(DEVELOPER_FRAMEWORKS_DIR)",
				);
				GCC_PRECOMPILE_PREFIX_HEADER = YES;
				GCC_PREFIX_HEADER = "ToDoList/ToDoList-Prefix.pch";
				GCC_PREPROCESSOR_DEFINITIONS = (
					"DEBUG=1",
					"$(inherited)",
				);
				INFOPLIST_FILE = "ToDoListTests/ToDoListTests-Info.plist";
				PRODUCT_NAME = "$(TARGET_NAME)";
				TEST_HOST = "$(BUNDLE_LOADER)";
				WRAPPER_EXTENSION = xctest;
			};
			name = Debug;
		};
		52967FC0190FE74400B64F7C /* Release */ = {
			isa = XCBuildConfiguration;
			buildSettings = {
				BUNDLE_LOADER = "$(BUILT_PRODUCTS_DIR)/ToDoList.app/ToDoList";
				FRAMEWORK_SEARCH_PATHS = (
					"$(SDKROOT)/Developer/Library/Frameworks",
					"$(inherited)",
					"$(DEVELOPER_FRAMEWORKS_DIR)",
				);
				GCC_PRECOMPILE_PREFIX_HEADER = YES;
				GCC_PREFIX_HEADER = "ToDoList/ToDoList-Prefix.pch";
				INFOPLIST_FILE = "ToDoListTests/ToDoListTests-Info.plist";
				PRODUCT_NAME = "$(TARGET_NAME)";
				TEST_HOST = "$(BUNDLE_LOADER)";
				WRAPPER_EXTENSION = xctest;
			};
			name = Release;
		};
/* End XCBuildConfiguration section */

/* Begin XCConfigurationList section */
		52967F8A190FE74300B64F7C /* Build configuration list for PBXProject "ToDoList" */ = {
			isa = XCConfigurationList;
			buildConfigurations = (
				52967FB9190FE74400B64F7C /* Debug */,
				52967FBA190FE74400B64F7C /* Release */,
			);
			defaultConfigurationIsVisible = 0;
			defaultConfigurationName = Release;
		};
		52967FBB190FE74400B64F7C /* Build configuration list for PBXNativeTarget "ToDoList" */ = {
			isa = XCConfigurationList;
			buildConfigurations = (
				52967FBC190FE74400B64F7C /* Debug */,
				52967FBD190FE74400B64F7C /* Release */,
			);
			defaultConfigurationIsVisible = 0;
		};
		52967FBE190FE74400B64F7C /* Build configuration list for PBXNativeTarget "ToDoListTests" */ = {
			isa = XCConfigurationList;
			buildConfigurations = (
				52967FBF190FE74400B64F7C /* Debug */,
				52967FC0190FE74400B64F7C /* Release */,
			);
			defaultConfigurationIsVisible = 0;
		};
/* End XCConfigurationList section */
	};
	rootObject = 52967F87190FE74300B64F7C /* Project object */;
}
